langcode: de
status: true
dependencies:
  config:
    - field.storage.paragraph.field_block
    - paragraphs.paragraphs_type.block_reference
  module:
    - options
id: paragraph.block_reference.field_block
field_name: field_block
entity_type: paragraph
bundle: block_reference
label: Block
description: ''
required: true
translatable: false
default_value: {  }
default_value_callback: ''
settings: {  }
field_type: list_string