langcode: de
status: true
dependencies:
  module:
    - options
    - paragraphs
id: paragraph.field_block
field_name: field_block
entity_type: paragraph
type: list_string
settings:
  allowed_values: {  }
  allowed_values_function: 'degov_block_reference_widget_list'
module: options
locked: false
cardinality: 1
translatable: true
indexes: {  }
persist_with_no_fields: false
custom_storage: false
