langcode: de
status: true
dependencies:
  module:
    - degov_vsm_nrw
    - system
  theme:
    - degov
id: vsmnrwblock
theme: degov
region: content
weight: -6
provider: null
plugin: degov_vsm_nrw_block
settings:
  id: degov_vsm_nrw_block
  label: 'VSM NRW Block'
  provider: degov_vsm_nrw
  label_display: '0'
visibility:
  request_path:
    id: request_path
    pages: /search/nodes
    negate: false
    context_mapping: {  }
